
Microsoft Visual Studio Solution File, Format Version 12.00
# Visual Studio 14
VisualStudioVersion = 14.0.24720.0
MinimumVisualStudioVersion = 10.0.40219.1
Project("{F184B08F-C81C-45F6-A57F-5ABD9991F28F}") = "HitCounterManager", "HitCounterManager.vbproj", "{0502BB6E-BB4A-450B-B397-043233D1DF19}"
EndProject
Project("{6141683F-8A12-4E36-9623-2EB02B2C2303}") = "Setup", "Setup\Setup.isproj", "{165FE456-83F2-403C-ABA5-2FE186C1EABF}"
EndProject
Global
	GlobalSection(SolutionConfigurationPlatforms) = preSolution
		CD_ROM|Any CPU = CD_ROM|Any CPU
		Debug|Any CPU = Debug|Any CPU
		DVD-5|Any CPU = DVD-5|Any CPU
		Release|Any CPU = Release|Any CPU
		SingleImage|Any CPU = SingleImage|Any CPU
	EndGlobalSection
	GlobalSection(ProjectConfigurationPlatforms) = postSolution
		{0502BB6E-BB4A-450B-B397-043233D1DF19}.CD_ROM|Any CPU.ActiveCfg = Release|Any CPU
		{0502BB6E-BB4A-450B-B397-043233D1DF19}.CD_ROM|Any CPU.Build.0 = Release|Any CPU
		{0502BB6E-BB4A-450B-B397-043233D1DF19}.Debug|Any CPU.ActiveCfg = Debug|Any CPU
		{0502BB6E-BB4A-450B-B397-043233D1DF19}.Debug|Any CPU.Build.0 = Debug|Any CPU
		{0502BB6E-BB4A-450B-B397-043233D1DF19}.DVD-5|Any CPU.ActiveCfg = Debug|Any CPU
		{0502BB6E-BB4A-450B-B397-043233D1DF19}.DVD-5|Any CPU.Build.0 = Debug|Any CPU
		{0502BB6E-BB4A-450B-B397-043233D1DF19}.Release|Any CPU.ActiveCfg = Release|Any CPU
		{0502BB6E-BB4A-450B-B397-043233D1DF19}.Release|Any CPU.Build.0 = Release|Any CPU
		{0502BB6E-BB4A-450B-B397-043233D1DF19}.SingleImage|Any CPU.ActiveCfg = Release|Any CPU
		{0502BB6E-BB4A-450B-B397-043233D1DF19}.SingleImage|Any CPU.Build.0 = Release|Any CPU
		{165FE456-83F2-403C-ABA5-2FE186C1EABF}.CD_ROM|Any CPU.ActiveCfg = CD_ROM
		{165FE456-83F2-403C-ABA5-2FE186C1EABF}.CD_ROM|Any CPU.Build.0 = CD_ROM
		{165FE456-83F2-403C-ABA5-2FE186C1EABF}.Debug|Any CPU.ActiveCfg = DVD-5
		{165FE456-83F2-403C-ABA5-2FE186C1EABF}.Debug|Any CPU.Build.0 = DVD-5
		{165FE456-83F2-403C-ABA5-2FE186C1EABF}.DVD-5|Any CPU.ActiveCfg = DVD-5
		{165FE456-83F2-403C-ABA5-2FE186C1EABF}.DVD-5|Any CPU.Build.0 = DVD-5
		{165FE456-83F2-403C-ABA5-2FE186C1EABF}.Release|Any CPU.ActiveCfg = SingleImage
		{165FE456-83F2-403C-ABA5-2FE186C1EABF}.Release|Any CPU.Build.0 = SingleImage
		{165FE456-83F2-403C-ABA5-2FE186C1EABF}.SingleImage|Any CPU.ActiveCfg = SingleImage
		{165FE456-83F2-403C-ABA5-2FE186C1EABF}.SingleImage|Any CPU.Build.0 = SingleImage
	EndGlobalSection
	GlobalSection(SolutionProperties) = preSolution
		HideSolutionNode = FALSE
	EndGlobalSection
EndGlobal
