
Microsoft Visual Studio Solution File, Format Version 12.00
# Visual Studio Version 16
VisualStudioVersion = 16.0.31205.134
MinimumVisualStudioVersion = 10.0.40219.1
Project("{FAE04EC0-301F-11D3-BF4B-00C04F79EFBC}") = "HitCounterManager.Android", "HitCounterManager.Android\HitCounterManager.Android.csproj", "{8CD30A57-61A0-4B90-BB4B-5C0C945E792B}"
EndProject
Project("{FAE04EC0-301F-11D3-BF4B-00C04F79EFBC}") = "HitCounterManager.iOS", "HitCounterManager.iOS\HitCounterManager.iOS.csproj", "{DA0C6390-9107-403C-BDFE-2C3FF0214EFB}"
EndProject
Project("{9A19103F-16F7-4668-BE54-9A1E7A4F7556}") = "HitCounterManager", "HitCounterManager\HitCounterManager.csproj", "{DDEEDE9F-8659-46A5-BCAC-581BBE2294E9}"
EndProject
Project("{FAE04EC0-301F-11D3-BF4B-00C04F79EFBC}") = "HitCounterManager.WPF", "HitCounterManager.WPF\HitCounterManager.WPF.csproj", "{422DE578-51D2-4D0D-9F90-808C24CB20BA}"
EndProject
Project("{FAE04EC0-301F-11D3-BF4B-00C04F79EFBC}") = "HitCounterManager.GTK", "HitCounterManager.GTK\HitCounterManager.GTK.csproj", "{841AADC5-A655-4540-8450-E1E4D21EDB18}"
EndProject
Global
	GlobalSection(SolutionConfigurationPlatforms) = preSolution
		Debug|Any CPU = Debug|Any CPU
		Debug|iPhone = Debug|iPhone
		Debug|iPhoneSimulator = Debug|iPhoneSimulator
		Release|Any CPU = Release|Any CPU
		Release|iPhone = Release|iPhone
		Release|iPhoneSimulator = Release|iPhoneSimulator
	EndGlobalSection
	GlobalSection(ProjectConfigurationPlatforms) = postSolution
		{8CD30A57-61A0-4B90-BB4B-5C0C945E792B}.Debug|Any CPU.ActiveCfg = Debug|Any CPU
		{8CD30A57-61A0-4B90-BB4B-5C0C945E792B}.Debug|Any CPU.Build.0 = Debug|Any CPU
		{8CD30A57-61A0-4B90-BB4B-5C0C945E792B}.Debug|Any CPU.Deploy.0 = Debug|Any CPU
		{8CD30A57-61A0-4B90-BB4B-5C0C945E792B}.Debug|iPhone.ActiveCfg = Debug|Any CPU
		{8CD30A57-61A0-4B90-BB4B-5C0C945E792B}.Debug|iPhone.Build.0 = Debug|Any CPU
		{8CD30A57-61A0-4B90-BB4B-5C0C945E792B}.Debug|iPhone.Deploy.0 = Debug|Any CPU
		{8CD30A57-61A0-4B90-BB4B-5C0C945E792B}.Debug|iPhoneSimulator.ActiveCfg = Debug|Any CPU
		{8CD30A57-61A0-4B90-BB4B-5C0C945E792B}.Debug|iPhoneSimulator.Build.0 = Debug|Any CPU
		{8CD30A57-61A0-4B90-BB4B-5C0C945E792B}.Debug|iPhoneSimulator.Deploy.0 = Debug|Any CPU
		{8CD30A57-61A0-4B90-BB4B-5C0C945E792B}.Release|Any CPU.ActiveCfg = Release|Any CPU
		{8CD30A57-61A0-4B90-BB4B-5C0C945E792B}.Release|Any CPU.Build.0 = Release|Any CPU
		{8CD30A57-61A0-4B90-BB4B-5C0C945E792B}.Release|Any CPU.Deploy.0 = Release|Any CPU
		{8CD30A57-61A0-4B90-BB4B-5C0C945E792B}.Release|iPhone.ActiveCfg = Release|Any CPU
		{8CD30A57-61A0-4B90-BB4B-5C0C945E792B}.Release|iPhone.Build.0 = Release|Any CPU
		{8CD30A57-61A0-4B90-BB4B-5C0C945E792B}.Release|iPhone.Deploy.0 = Release|Any CPU
		{8CD30A57-61A0-4B90-BB4B-5C0C945E792B}.Release|iPhoneSimulator.ActiveCfg = Release|Any CPU
		{8CD30A57-61A0-4B90-BB4B-5C0C945E792B}.Release|iPhoneSimulator.Build.0 = Release|Any CPU
		{8CD30A57-61A0-4B90-BB4B-5C0C945E792B}.Release|iPhoneSimulator.Deploy.0 = Release|Any CPU
		{DA0C6390-9107-403C-BDFE-2C3FF0214EFB}.Debug|Any CPU.ActiveCfg = Debug|iPhone
		{DA0C6390-9107-403C-BDFE-2C3FF0214EFB}.Debug|Any CPU.Build.0 = Debug|iPhone
		{DA0C6390-9107-403C-BDFE-2C3FF0214EFB}.Debug|Any CPU.Deploy.0 = Debug|iPhone
		{DA0C6390-9107-403C-BDFE-2C3FF0214EFB}.Debug|iPhone.ActiveCfg = Debug|iPhone
		{DA0C6390-9107-403C-BDFE-2C3FF0214EFB}.Debug|iPhone.Build.0 = Debug|iPhone
		{DA0C6390-9107-403C-BDFE-2C3FF0214EFB}.Debug|iPhone.Deploy.0 = Debug|iPhone
		{DA0C6390-9107-403C-BDFE-2C3FF0214EFB}.Debug|iPhoneSimulator.ActiveCfg = Debug|iPhoneSimulator
		{DA0C6390-9107-403C-BDFE-2C3FF0214EFB}.Debug|iPhoneSimulator.Build.0 = Debug|iPhoneSimulator
		{DA0C6390-9107-403C-BDFE-2C3FF0214EFB}.Debug|iPhoneSimulator.Deploy.0 = Debug|iPhoneSimulator
		{DA0C6390-9107-403C-BDFE-2C3FF0214EFB}.Release|Any CPU.ActiveCfg = Release|iPhoneSimulator
		{DA0C6390-9107-403C-BDFE-2C3FF0214EFB}.Release|Any CPU.Build.0 = Release|iPhoneSimulator
		{DA0C6390-9107-403C-BDFE-2C3FF0214EFB}.Release|Any CPU.Deploy.0 = Release|iPhoneSimulator
		{DA0C6390-9107-403C-BDFE-2C3FF0214EFB}.Release|iPhone.ActiveCfg = Release|iPhone
		{DA0C6390-9107-403C-BDFE-2C3FF0214EFB}.Release|iPhone.Build.0 = Release|iPhone
		{DA0C6390-9107-403C-BDFE-2C3FF0214EFB}.Release|iPhone.Deploy.0 = Release|iPhone
		{DA0C6390-9107-403C-BDFE-2C3FF0214EFB}.Release|iPhoneSimulator.ActiveCfg = Release|iPhoneSimulator
		{DA0C6390-9107-403C-BDFE-2C3FF0214EFB}.Release|iPhoneSimulator.Build.0 = Release|iPhoneSimulator
		{DA0C6390-9107-403C-BDFE-2C3FF0214EFB}.Release|iPhoneSimulator.Deploy.0 = Release|iPhoneSimulator
		{DDEEDE9F-8659-46A5-BCAC-581BBE2294E9}.Debug|Any CPU.ActiveCfg = Debug|Any CPU
		{DDEEDE9F-8659-46A5-BCAC-581BBE2294E9}.Debug|Any CPU.Build.0 = Debug|Any CPU
		{DDEEDE9F-8659-46A5-BCAC-581BBE2294E9}.Debug|Any CPU.Deploy.0 = Debug|Any CPU
		{DDEEDE9F-8659-46A5-BCAC-581BBE2294E9}.Debug|iPhone.ActiveCfg = Debug|Any CPU
		{DDEEDE9F-8659-46A5-BCAC-581BBE2294E9}.Debug|iPhone.Build.0 = Debug|Any CPU
		{DDEEDE9F-8659-46A5-BCAC-581BBE2294E9}.Debug|iPhone.Deploy.0 = Debug|Any CPU
		{DDEEDE9F-8659-46A5-BCAC-581BBE2294E9}.Debug|iPhoneSimulator.ActiveCfg = Debug|Any CPU
		{DDEEDE9F-8659-46A5-BCAC-581BBE2294E9}.Debug|iPhoneSimulator.Build.0 = Debug|Any CPU
		{DDEEDE9F-8659-46A5-BCAC-581BBE2294E9}.Debug|iPhoneSimulator.Deploy.0 = Debug|Any CPU
		{DDEEDE9F-8659-46A5-BCAC-581BBE2294E9}.Release|Any CPU.ActiveCfg = Release|Any CPU
		{DDEEDE9F-8659-46A5-BCAC-581BBE2294E9}.Release|Any CPU.Build.0 = Release|Any CPU
		{DDEEDE9F-8659-46A5-BCAC-581BBE2294E9}.Release|Any CPU.Deploy.0 = Release|Any CPU
		{DDEEDE9F-8659-46A5-BCAC-581BBE2294E9}.Release|iPhone.ActiveCfg = Release|Any CPU
		{DDEEDE9F-8659-46A5-BCAC-581BBE2294E9}.Release|iPhone.Build.0 = Release|Any CPU
		{DDEEDE9F-8659-46A5-BCAC-581BBE2294E9}.Release|iPhone.Deploy.0 = Release|Any CPU
		{DDEEDE9F-8659-46A5-BCAC-581BBE2294E9}.Release|iPhoneSimulator.ActiveCfg = Release|Any CPU
		{DDEEDE9F-8659-46A5-BCAC-581BBE2294E9}.Release|iPhoneSimulator.Build.0 = Release|Any CPU
		{DDEEDE9F-8659-46A5-BCAC-581BBE2294E9}.Release|iPhoneSimulator.Deploy.0 = Release|Any CPU
		{422DE578-51D2-4D0D-9F90-808C24CB20BA}.Debug|Any CPU.ActiveCfg = Debug|Any CPU
		{422DE578-51D2-4D0D-9F90-808C24CB20BA}.Debug|Any CPU.Build.0 = Debug|Any CPU
		{422DE578-51D2-4D0D-9F90-808C24CB20BA}.Debug|iPhone.ActiveCfg = Debug|Any CPU
		{422DE578-51D2-4D0D-9F90-808C24CB20BA}.Debug|iPhone.Build.0 = Debug|Any CPU
		{422DE578-51D2-4D0D-9F90-808C24CB20BA}.Debug|iPhoneSimulator.ActiveCfg = Debug|Any CPU
		{422DE578-51D2-4D0D-9F90-808C24CB20BA}.Debug|iPhoneSimulator.Build.0 = Debug|Any CPU
		{422DE578-51D2-4D0D-9F90-808C24CB20BA}.Release|Any CPU.ActiveCfg = Release|Any CPU
		{422DE578-51D2-4D0D-9F90-808C24CB20BA}.Release|Any CPU.Build.0 = Release|Any CPU
		{422DE578-51D2-4D0D-9F90-808C24CB20BA}.Release|iPhone.ActiveCfg = Release|Any CPU
		{422DE578-51D2-4D0D-9F90-808C24CB20BA}.Release|iPhone.Build.0 = Release|Any CPU
		{422DE578-51D2-4D0D-9F90-808C24CB20BA}.Release|iPhoneSimulator.ActiveCfg = Release|Any CPU
		{422DE578-51D2-4D0D-9F90-808C24CB20BA}.Release|iPhoneSimulator.Build.0 = Release|Any CPU
		{841AADC5-A655-4540-8450-E1E4D21EDB18}.Debug|Any CPU.ActiveCfg = Debug|Any CPU
		{841AADC5-A655-4540-8450-E1E4D21EDB18}.Debug|Any CPU.Build.0 = Debug|Any CPU
		{841AADC5-A655-4540-8450-E1E4D21EDB18}.Debug|iPhone.ActiveCfg = Debug|Any CPU
		{841AADC5-A655-4540-8450-E1E4D21EDB18}.Debug|iPhone.Build.0 = Debug|Any CPU
		{841AADC5-A655-4540-8450-E1E4D21EDB18}.Debug|iPhoneSimulator.ActiveCfg = Debug|Any CPU
		{841AADC5-A655-4540-8450-E1E4D21EDB18}.Debug|iPhoneSimulator.Build.0 = Debug|Any CPU
		{841AADC5-A655-4540-8450-E1E4D21EDB18}.Release|Any CPU.ActiveCfg = Release|Any CPU
		{841AADC5-A655-4540-8450-E1E4D21EDB18}.Release|Any CPU.Build.0 = Release|Any CPU
		{841AADC5-A655-4540-8450-E1E4D21EDB18}.Release|iPhone.ActiveCfg = Release|Any CPU
		{841AADC5-A655-4540-8450-E1E4D21EDB18}.Release|iPhone.Build.0 = Release|Any CPU
		{841AADC5-A655-4540-8450-E1E4D21EDB18}.Release|iPhoneSimulator.ActiveCfg = Release|Any CPU
		{841AADC5-A655-4540-8450-E1E4D21EDB18}.Release|iPhoneSimulator.Build.0 = Release|Any CPU
	EndGlobalSection
	GlobalSection(SolutionProperties) = preSolution
		HideSolutionNode = FALSE
	EndGlobalSection
	GlobalSection(ExtensibilityGlobals) = postSolution
		SolutionGuid = {BC79D159-2BF6-49F2-838A-5D0019E46DF7}
	EndGlobalSection
EndGlobal
